
Microsoft Visual Studio Solution File, Format Version 12.00
# Visual Studio Version 16
VisualStudioVersion = 16.0.33130.400
MinimumVisualStudioVersion = 10.0.40219.1
Project("{9A19103F-16F7-4668-BE54-9A1E7A4F7556}") = "DEandClustering", "DEandClustering\DEandClustering.csproj", "{C96931A9-5467-4489-87DC-4E64ACE643A7}"
EndProject
Project("{9A19103F-16F7-4668-BE54-9A1E7A4F7556}") = "DEandZFIS", "..\..\..\Documents\8 sem\ZFIS\ZFIS\ZFIS\DEandZFIS.csproj", "{F3512082-B82F-4498-BD97-47809CD01C93}"
EndProject
Project("{9A19103F-16F7-4668-BE54-9A1E7A4F7556}") = "DE", "DE\DE.csproj", "{3D05910F-55BF-499D-A0FE-52ED5AC02A9D}"
EndProject
Project("{9A19103F-16F7-4668-BE54-9A1E7A4F7556}") = "ZFIS", "ZFIS\ZFIS.csproj", "{CD3F42D6-B079-4151-AB1B-C94E65B5C7A1}"
EndProject
Project("{FAE04EC0-301F-11D3-BF4B-00C04F79EFBC}") = "Clustering", "Clustering\Clustering.csproj", "{2403F03F-E6FB-440F-AF6D-D5BEC5CD504C}"
EndProject
Global
	GlobalSection(SolutionConfigurationPlatforms) = preSolution
		Debug|Any CPU = Debug|Any CPU
		Release|Any CPU = Release|Any CPU
	EndGlobalSection
	GlobalSection(ProjectConfigurationPlatforms) = postSolution
		{C96931A9-5467-4489-87DC-4E64ACE643A7}.Debug|Any CPU.ActiveCfg = Debug|Any CPU
		{C96931A9-5467-4489-87DC-4E64ACE643A7}.Debug|Any CPU.Build.0 = Debug|Any CPU
		{C96931A9-5467-4489-87DC-4E64ACE643A7}.Release|Any CPU.ActiveCfg = Release|Any CPU
		{C96931A9-5467-4489-87DC-4E64ACE643A7}.Release|Any CPU.Build.0 = Release|Any CPU
		{F3512082-B82F-4498-BD97-47809CD01C93}.Debug|Any CPU.ActiveCfg = Debug|Any CPU
		{F3512082-B82F-4498-BD97-47809CD01C93}.Debug|Any CPU.Build.0 = Debug|Any CPU
		{F3512082-B82F-4498-BD97-47809CD01C93}.Release|Any CPU.ActiveCfg = Release|Any CPU
		{F3512082-B82F-4498-BD97-47809CD01C93}.Release|Any CPU.Build.0 = Release|Any CPU
		{3D05910F-55BF-499D-A0FE-52ED5AC02A9D}.Debug|Any CPU.ActiveCfg = Debug|Any CPU
		{3D05910F-55BF-499D-A0FE-52ED5AC02A9D}.Debug|Any CPU.Build.0 = Debug|Any CPU
		{3D05910F-55BF-499D-A0FE-52ED5AC02A9D}.Release|Any CPU.ActiveCfg = Release|Any CPU
		{3D05910F-55BF-499D-A0FE-52ED5AC02A9D}.Release|Any CPU.Build.0 = Release|Any CPU
		{CD3F42D6-B079-4151-AB1B-C94E65B5C7A1}.Debug|Any CPU.ActiveCfg = Debug|Any CPU
		{CD3F42D6-B079-4151-AB1B-C94E65B5C7A1}.Debug|Any CPU.Build.0 = Debug|Any CPU
		{CD3F42D6-B079-4151-AB1B-C94E65B5C7A1}.Release|Any CPU.ActiveCfg = Release|Any CPU
		{CD3F42D6-B079-4151-AB1B-C94E65B5C7A1}.Release|Any CPU.Build.0 = Release|Any CPU
		{2403F03F-E6FB-440F-AF6D-D5BEC5CD504C}.Debug|Any CPU.ActiveCfg = Debug|Any CPU
		{2403F03F-E6FB-440F-AF6D-D5BEC5CD504C}.Debug|Any CPU.Build.0 = Debug|Any CPU
		{2403F03F-E6FB-440F-AF6D-D5BEC5CD504C}.Release|Any CPU.ActiveCfg = Release|Any CPU
		{2403F03F-E6FB-440F-AF6D-D5BEC5CD504C}.Release|Any CPU.Build.0 = Release|Any CPU
	EndGlobalSection
	GlobalSection(SolutionProperties) = preSolution
		HideSolutionNode = FALSE
	EndGlobalSection
	GlobalSection(ExtensibilityGlobals) = postSolution
		SolutionGuid = {974FE055-A507-4CF6-A1BF-D8C2C594121C}
	EndGlobalSection
EndGlobal
